
Microsoft Visual Studio Solution File, Format Version 12.00
# Visual Studio 15
VisualStudioVersion = 15.0.27703.2026
MinimumVisualStudioVersion = 10.0.40219.1
Project("{9A19103F-16F7-4668-BE54-9A1E7A4F7556}") = "WebApplication1", "WebApplication1\WebApplication1.csproj", "{88A90FDA-63E6-4990-85F2-12FC72142FAE}"
EndProject
Project("{9A19103F-16F7-4668-BE54-9A1E7A4F7556}") = "ConsoleApp1", "ConsoleApp1\ConsoleApp1.csproj", "{60F8C85F-0848-4BC7-9F6E-CA69553DD548}"
EndProject
Project("{9A19103F-16F7-4668-BE54-9A1E7A4F7556}") = "ClassLibrary1", "ClassLibrary1\ClassLibrary1.csproj", "{7A267053-36CD-47BE-AEFF-F2B0A3C11BBB}"
EndProject
Global
	GlobalSection(SolutionConfigurationPlatforms) = preSolution
		Debug|Any CPU = Debug|Any CPU
		Release|Any CPU = Release|Any CPU
	EndGlobalSection
	GlobalSection(ProjectConfigurationPlatforms) = postSolution
		{88A90FDA-63E6-4990-85F2-12FC72142FAE}.Debug|Any CPU.ActiveCfg = Debug|Any CPU
		{88A90FDA-63E6-4990-85F2-12FC72142FAE}.Debug|Any CPU.Build.0 = Debug|Any CPU
		{88A90FDA-63E6-4990-85F2-12FC72142FAE}.Release|Any CPU.ActiveCfg = Release|Any CPU
		{88A90FDA-63E6-4990-85F2-12FC72142FAE}.Release|Any CPU.Build.0 = Release|Any CPU
		{60F8C85F-0848-4BC7-9F6E-CA69553DD548}.Debug|Any CPU.ActiveCfg = Debug|Any CPU
		{60F8C85F-0848-4BC7-9F6E-CA69553DD548}.Debug|Any CPU.Build.0 = Debug|Any CPU
		{60F8C85F-0848-4BC7-9F6E-CA69553DD548}.Release|Any CPU.ActiveCfg = Release|Any CPU
		{60F8C85F-0848-4BC7-9F6E-CA69553DD548}.Release|Any CPU.Build.0 = Release|Any CPU
		{7A267053-36CD-47BE-AEFF-F2B0A3C11BBB}.Debug|Any CPU.ActiveCfg = Debug|Any CPU
		{7A267053-36CD-47BE-AEFF-F2B0A3C11BBB}.Debug|Any CPU.Build.0 = Debug|Any CPU
		{7A267053-36CD-47BE-AEFF-F2B0A3C11BBB}.Release|Any CPU.ActiveCfg = Release|Any CPU
		{7A267053-36CD-47BE-AEFF-F2B0A3C11BBB}.Release|Any CPU.Build.0 = Release|Any CPU
	EndGlobalSection
	GlobalSection(SolutionProperties) = preSolution
		HideSolutionNode = FALSE
	EndGlobalSection
	GlobalSection(ExtensibilityGlobals) = postSolution
		SolutionGuid = {8E3BBC96-9CBB-4D7E-87DF-58F399851DDE}
	EndGlobalSection
EndGlobal
